
Microsoft Visual Studio Solution File, Format Version 12.00
# Visual Studio Version 16
VisualStudioVersion = 16.0.29806.167
MinimumVisualStudioVersion = 10.0.40219.1
Project("{2150E333-8FDC-42A3-9474-1A3956D46DE8}") = "Solution Items", "Solution Items", "{2EAC83DB-B2B0-4574-9007-8BE541AD764A}"
	ProjectSection(SolutionItems) = preProject
		.gitignore = .gitignore
		global.json = global.json
	EndProjectSection
EndProject
Project("{9A19103F-16F7-4668-BE54-9A1E7A4F7556}") = "Mnemox.Monitoring.Server", "Mnemox.Monitoring.Server\Mnemox.Monitoring.Server.csproj", "{AC08C8B9-1D01-48DC-B2D1-A4EE3D962CE0}"
EndProject
Project("{2150E333-8FDC-42A3-9474-1A3956D46DE8}") = "Utils", "Utils", "{CA1F9F1B-CC80-430D-A126-2CE594082CE0}"
EndProject
Project("{9A19103F-16F7-4668-BE54-9A1E7A4F7556}") = "Mnemox.Logs.Utils", "Utils\Mnemox.Logs\Mnemox.Logs.Utils.csproj", "{FEFD4C0B-E7B7-4FE3-A572-8FB453D8A946}"
EndProject
Project("{2150E333-8FDC-42A3-9474-1A3956D46DE8}") = "Models", "Models", "{DA28FA31-714C-4FF7-8D49-D1D5D85AEA50}"
EndProject
Project("{9A19103F-16F7-4668-BE54-9A1E7A4F7556}") = "Mnemox.Logs.Models", "Models\Mnemox.Logs.Models\Mnemox.Logs.Models.csproj", "{656FA2CD-11D1-456B-9267-71E72300A2D6}"
EndProject
Project("{9A19103F-16F7-4668-BE54-9A1E7A4F7556}") = "Mnemox.Shared.Models", "Models\Mnemox.Shared.Models\Mnemox.Shared.Models.csproj", "{4FF1D3AC-74FA-4610-977F-9BD753D02F87}"
EndProject
Project("{2150E333-8FDC-42A3-9474-1A3956D46DE8}") = "DataManagers", "DataManagers", "{A0C3C9D8-21B5-4418-878B-C2FA0B490782}"
EndProject
Project("{9A19103F-16F7-4668-BE54-9A1E7A4F7556}") = "Mnemox.Timescale.DM", "DataManagers\Mnemox.Timescale.DM\Mnemox.Timescale.DM.csproj", "{864461DF-FB18-424B-8594-D0B0F7228C7D}"
EndProject
Project("{9A19103F-16F7-4668-BE54-9A1E7A4F7556}") = "Mnemox.Timescale.Models", "Models\Mnemox.Timescale.Models\Mnemox.Timescale.Models.csproj", "{4308C4F3-F983-437A-8368-F86A39BBBD91}"
EndProject
Project("{9A19103F-16F7-4668-BE54-9A1E7A4F7556}") = "Mnemox.Components.Models", "Models\Mnemox.Components.Models\Mnemox.Components.Models.csproj", "{CB08E906-A0A4-446A-97C1-B212D720D3CB}"
EndProject
Project("{9A19103F-16F7-4668-BE54-9A1E7A4F7556}") = "Mnemox.Api.Security.Utils", "Utils\Mnemox.Security\Mnemox.Api.Security.Utils.csproj", "{32794381-B8D8-4657-AF46-C824F14BABDF}"
EndProject
Project("{9A19103F-16F7-4668-BE54-9A1E7A4F7556}") = "Mnemox.Monitoring.Models", "Models\Mnemox.Monitoring.Models\Mnemox.Monitoring.Models.csproj", "{97E60845-43BE-427E-A43E-DB6976EE65E4}"
EndProject
Project("{9A19103F-16F7-4668-BE54-9A1E7A4F7556}") = "Mnemox.Account.Models", "Models\Mnemox.Account.Models\Mnemox.Account.Models.csproj", "{0552358C-B923-48FA-85F6-F6C85889AA40}"
EndProject
Project("{FAE04EC0-301F-11D3-BF4B-00C04F79EFBC}") = "Mnemox.Security.Utils", "Utils\Mnemox.Security.Utils\Mnemox.Security.Utils.csproj", "{88CC8862-AAB5-485E-8742-99A5A8A436E4}"
EndProject
Global
	GlobalSection(SolutionConfigurationPlatforms) = preSolution
		Debug|Any CPU = Debug|Any CPU
		Release|Any CPU = Release|Any CPU
	EndGlobalSection
	GlobalSection(ProjectConfigurationPlatforms) = postSolution
		{AC08C8B9-1D01-48DC-B2D1-A4EE3D962CE0}.Debug|Any CPU.ActiveCfg = Debug|Any CPU
		{AC08C8B9-1D01-48DC-B2D1-A4EE3D962CE0}.Debug|Any CPU.Build.0 = Debug|Any CPU
		{AC08C8B9-1D01-48DC-B2D1-A4EE3D962CE0}.Release|Any CPU.ActiveCfg = Release|Any CPU
		{AC08C8B9-1D01-48DC-B2D1-A4EE3D962CE0}.Release|Any CPU.Build.0 = Release|Any CPU
		{FEFD4C0B-E7B7-4FE3-A572-8FB453D8A946}.Debug|Any CPU.ActiveCfg = Debug|Any CPU
		{FEFD4C0B-E7B7-4FE3-A572-8FB453D8A946}.Debug|Any CPU.Build.0 = Debug|Any CPU
		{FEFD4C0B-E7B7-4FE3-A572-8FB453D8A946}.Release|Any CPU.ActiveCfg = Release|Any CPU
		{FEFD4C0B-E7B7-4FE3-A572-8FB453D8A946}.Release|Any CPU.Build.0 = Release|Any CPU
		{656FA2CD-11D1-456B-9267-71E72300A2D6}.Debug|Any CPU.ActiveCfg = Debug|Any CPU
		{656FA2CD-11D1-456B-9267-71E72300A2D6}.Debug|Any CPU.Build.0 = Debug|Any CPU
		{656FA2CD-11D1-456B-9267-71E72300A2D6}.Release|Any CPU.ActiveCfg = Release|Any CPU
		{656FA2CD-11D1-456B-9267-71E72300A2D6}.Release|Any CPU.Build.0 = Release|Any CPU
		{4FF1D3AC-74FA-4610-977F-9BD753D02F87}.Debug|Any CPU.ActiveCfg = Debug|Any CPU
		{4FF1D3AC-74FA-4610-977F-9BD753D02F87}.Debug|Any CPU.Build.0 = Debug|Any CPU
		{4FF1D3AC-74FA-4610-977F-9BD753D02F87}.Release|Any CPU.ActiveCfg = Release|Any CPU
		{4FF1D3AC-74FA-4610-977F-9BD753D02F87}.Release|Any CPU.Build.0 = Release|Any CPU
		{864461DF-FB18-424B-8594-D0B0F7228C7D}.Debug|Any CPU.ActiveCfg = Debug|Any CPU
		{864461DF-FB18-424B-8594-D0B0F7228C7D}.Debug|Any CPU.Build.0 = Debug|Any CPU
		{864461DF-FB18-424B-8594-D0B0F7228C7D}.Release|Any CPU.ActiveCfg = Release|Any CPU
		{864461DF-FB18-424B-8594-D0B0F7228C7D}.Release|Any CPU.Build.0 = Release|Any CPU
		{4308C4F3-F983-437A-8368-F86A39BBBD91}.Debug|Any CPU.ActiveCfg = Debug|Any CPU
		{4308C4F3-F983-437A-8368-F86A39BBBD91}.Debug|Any CPU.Build.0 = Debug|Any CPU
		{4308C4F3-F983-437A-8368-F86A39BBBD91}.Release|Any CPU.ActiveCfg = Release|Any CPU
		{4308C4F3-F983-437A-8368-F86A39BBBD91}.Release|Any CPU.Build.0 = Release|Any CPU
		{CB08E906-A0A4-446A-97C1-B212D720D3CB}.Debug|Any CPU.ActiveCfg = Debug|Any CPU
		{CB08E906-A0A4-446A-97C1-B212D720D3CB}.Debug|Any CPU.Build.0 = Debug|Any CPU
		{CB08E906-A0A4-446A-97C1-B212D720D3CB}.Release|Any CPU.ActiveCfg = Release|Any CPU
		{CB08E906-A0A4-446A-97C1-B212D720D3CB}.Release|Any CPU.Build.0 = Release|Any CPU
		{32794381-B8D8-4657-AF46-C824F14BABDF}.Debug|Any CPU.ActiveCfg = Debug|Any CPU
		{32794381-B8D8-4657-AF46-C824F14BABDF}.Debug|Any CPU.Build.0 = Debug|Any CPU
		{32794381-B8D8-4657-AF46-C824F14BABDF}.Release|Any CPU.ActiveCfg = Release|Any CPU
		{32794381-B8D8-4657-AF46-C824F14BABDF}.Release|Any CPU.Build.0 = Release|Any CPU
		{97E60845-43BE-427E-A43E-DB6976EE65E4}.Debug|Any CPU.ActiveCfg = Debug|Any CPU
		{97E60845-43BE-427E-A43E-DB6976EE65E4}.Debug|Any CPU.Build.0 = Debug|Any CPU
		{97E60845-43BE-427E-A43E-DB6976EE65E4}.Release|Any CPU.ActiveCfg = Release|Any CPU
		{97E60845-43BE-427E-A43E-DB6976EE65E4}.Release|Any CPU.Build.0 = Release|Any CPU
		{0552358C-B923-48FA-85F6-F6C85889AA40}.Debug|Any CPU.ActiveCfg = Debug|Any CPU
		{0552358C-B923-48FA-85F6-F6C85889AA40}.Debug|Any CPU.Build.0 = Debug|Any CPU
		{0552358C-B923-48FA-85F6-F6C85889AA40}.Release|Any CPU.ActiveCfg = Release|Any CPU
		{0552358C-B923-48FA-85F6-F6C85889AA40}.Release|Any CPU.Build.0 = Release|Any CPU
		{88CC8862-AAB5-485E-8742-99A5A8A436E4}.Debug|Any CPU.ActiveCfg = Debug|Any CPU
		{88CC8862-AAB5-485E-8742-99A5A8A436E4}.Debug|Any CPU.Build.0 = Debug|Any CPU
		{88CC8862-AAB5-485E-8742-99A5A8A436E4}.Release|Any CPU.ActiveCfg = Release|Any CPU
		{88CC8862-AAB5-485E-8742-99A5A8A436E4}.Release|Any CPU.Build.0 = Release|Any CPU
	EndGlobalSection
	GlobalSection(SolutionProperties) = preSolution
		HideSolutionNode = FALSE
	EndGlobalSection
	GlobalSection(NestedProjects) = preSolution
		{FEFD4C0B-E7B7-4FE3-A572-8FB453D8A946} = {CA1F9F1B-CC80-430D-A126-2CE594082CE0}
		{656FA2CD-11D1-456B-9267-71E72300A2D6} = {DA28FA31-714C-4FF7-8D49-D1D5D85AEA50}
		{4FF1D3AC-74FA-4610-977F-9BD753D02F87} = {DA28FA31-714C-4FF7-8D49-D1D5D85AEA50}
		{864461DF-FB18-424B-8594-D0B0F7228C7D} = {A0C3C9D8-21B5-4418-878B-C2FA0B490782}
		{4308C4F3-F983-437A-8368-F86A39BBBD91} = {DA28FA31-714C-4FF7-8D49-D1D5D85AEA50}
		{CB08E906-A0A4-446A-97C1-B212D720D3CB} = {DA28FA31-714C-4FF7-8D49-D1D5D85AEA50}
		{32794381-B8D8-4657-AF46-C824F14BABDF} = {CA1F9F1B-CC80-430D-A126-2CE594082CE0}
		{97E60845-43BE-427E-A43E-DB6976EE65E4} = {DA28FA31-714C-4FF7-8D49-D1D5D85AEA50}
		{0552358C-B923-48FA-85F6-F6C85889AA40} = {DA28FA31-714C-4FF7-8D49-D1D5D85AEA50}
		{88CC8862-AAB5-485E-8742-99A5A8A436E4} = {CA1F9F1B-CC80-430D-A126-2CE594082CE0}
	EndGlobalSection
	GlobalSection(ExtensibilityGlobals) = postSolution
		SolutionGuid = {DA48D926-96AE-428E-8E1C-F85A185D05CD}
	EndGlobalSection
EndGlobal
